// !$*UTF8*$!
{
	archiveVersion = 1;
	classes = {
	};
	objectVersion = 56;
	objects = {

/* Begin PBXBuildFile section */
		B7112D752BAC63390048C3DD /* TestAutoiOSApp.swift in Sources */ = {isa = PBXBuildFile; fileRef = B7112D742BAC63390048C3DD /* TestAutoiOSApp.swift */; };
		B7112D7C2BAC633B0048C3DD /* Preview Assets.xcassets in Resources */ = {isa = PBXBuildFile; fileRef = B7112D7B2BAC633B0048C3DD /* Preview Assets.xcassets */; };
		B72BC6C72BB1BEB7005D1D07 /* AppDelegate.swift in Sources */ = {isa = PBXBuildFile; fileRef = B72BC6C12BB1BEB7005D1D07 /* AppDelegate.swift */; };
		B72BC6C82BB1BEB7005D1D07 /* ContentView.swift in Sources */ = {isa = PBXBuildFile; fileRef = B72BC6C22BB1BEB7005D1D07 /* ContentView.swift */; };
		B72BC6C92BB1BEB7005D1D07 /* Init.swift in Sources */ = {isa = PBXBuildFile; fileRef = B72BC6C32BB1BEB7005D1D07 /* Init.swift */; };
		B72BC6CB2BB1BEB7005D1D07 /* UCWebView.swift in Sources */ = {isa = PBXBuildFile; fileRef = B72BC6C52BB1BEB7005D1D07 /* UCWebView.swift */; };
		B72BC6D32BB1BED1005D1D07 /* BannerSettings.swift in Sources */ = {isa = PBXBuildFile; fileRef = B72BC6CC2BB1BED1005D1D07 /* BannerSettings.swift */; };
		B72BC6D42BB1BED1005D1D07 /* PresentUCWebview.swift in Sources */ = {isa = PBXBuildFile; fileRef = B72BC6CD2BB1BED1005D1D07 /* PresentUCWebview.swift */; };
		B72BC6D52BB1BED1005D1D07 /* PrintData.swift in Sources */ = {isa = PBXBuildFile; fileRef = B72BC6CE2BB1BED1005D1D07 /* PrintData.swift */; };
		B72BC6D62BB1BED1005D1D07 /* TopViewController.swift in Sources */ = {isa = PBXBuildFile; fileRef = B72BC6CF2BB1BED1005D1D07 /* TopViewController.swift */; };
		B72BC6D72BB1BED1005D1D07 /* UsercentricsUIViewController.swift in Sources */ = {isa = PBXBuildFile; fileRef = B72BC6D02BB1BED1005D1D07 /* UsercentricsUIViewController.swift */; };
		B72BC6D82BB1BED1005D1D07 /* WebviewUtils.swift in Sources */ = {isa = PBXBuildFile; fileRef = B72BC6D12BB1BED1005D1D07 /* WebviewUtils.swift */; };
		B72BC6DA2BB1BEE0005D1D07 /* Assets.xcassets in Resources */ = {isa = PBXBuildFile; fileRef = B72BC6D92BB1BEE0005D1D07 /* Assets.xcassets */; };
		B72BC6DD2BB1BF11005D1D07 /* InitData.swift in Sources */ = {isa = PBXBuildFile; fileRef = B72BC6DB2BB1BF11005D1D07 /* InitData.swift */; };
		B72BC6E02BB1C0A4005D1D07 /* SVGKit in Frameworks */ = {isa = PBXBuildFile; productRef = B72BC6DF2BB1C0A4005D1D07 /* SVGKit */; };
		B72BC6E22BB1C0A4005D1D07 /* SVGKitSwift in Frameworks */ = {isa = PBXBuildFile; productRef = B72BC6E12BB1C0A4005D1D07 /* SVGKitSwift */; };
		B72BC6E52BB1C0B3005D1D07 /* UsercentricsUI in Frameworks */ = {isa = PBXBuildFile; productRef = B72BC6E42BB1C0B3005D1D07 /* UsercentricsUI */; };
		B72BC6EA2BB1C11D005D1D07 /* PrintTCFData.swift in Sources */ = {isa = PBXBuildFile; fileRef = B72BC6E92BB1C11D005D1D07 /* PrintTCFData.swift */; };
		B72BC6EC2BB1C127005D1D07 /* PrintCCPAData.swift in Sources */ = {isa = PBXBuildFile; fileRef = B72BC6EB2BB1C127005D1D07 /* PrintCCPAData.swift */; };
		B72BC6EE2BB1C186005D1D07 /* PrintGDPRData.swift in Sources */ = {isa = PBXBuildFile; fileRef = B72BC6ED2BB1C186005D1D07 /* PrintGDPRData.swift */; };
		EF805E952C46D375001ED198 /* TestAutoiOSTests.swift in Sources */ = {isa = PBXBuildFile; fileRef = EF805E942C46D375001ED198 /* TestAutoiOSTests.swift */; };
		EF805EA22C46D389001ED198 /* TestAutoiOSUITests.swift in Sources */ = {isa = PBXBuildFile; fileRef = EF805EA12C46D389001ED198 /* TestAutoiOSUITests.swift */; };
		EF805EA42C46D389001ED198 /* TestAutoiOSUITestsLaunchTests.swift in Sources */ = {isa = PBXBuildFile; fileRef = EF805EA32C46D389001ED198 /* TestAutoiOSUITestsLaunchTests.swift */; };
		EF805EAB2C46D440001ED198 /* CoreMethods.swift in Sources */ = {isa = PBXBuildFile; fileRef = EF805EAA2C46D440001ED198 /* CoreMethods.swift */; };
/* End PBXBuildFile section */

/* Begin PBXContainerItemProxy section */
		EF805E962C46D375001ED198 /* PBXContainerItemProxy */ = {
			isa = PBXContainerItemProxy;
			containerPortal = B7112D692BAC63390048C3DD /* Project object */;
			proxyType = 1;
			remoteGlobalIDString = B7112D702BAC63390048C3DD;
			remoteInfo = TestAutoiOS;
		};
		EF805EA52C46D389001ED198 /* PBXContainerItemProxy */ = {
			isa = PBXContainerItemProxy;
			containerPortal = B7112D692BAC63390048C3DD /* Project object */;
			proxyType = 1;
			remoteGlobalIDString = B7112D702BAC63390048C3DD;
			remoteInfo = TestAutoiOS;
		};
/* End PBXContainerItemProxy section */

/* Begin PBXFileReference section */
		B7112D712BAC63390048C3DD /* TestAutoiOS.app */ = {isa = PBXFileReference; explicitFileType = wrapper.application; includeInIndex = 0; path = TestAutoiOS.app; sourceTree = BUILT_PRODUCTS_DIR; };
		B7112D742BAC63390048C3DD /* TestAutoiOSApp.swift */ = {isa = PBXFileReference; lastKnownFileType = sourcecode.swift; path = TestAutoiOSApp.swift; sourceTree = "<group>"; };
		B7112D7B2BAC633B0048C3DD /* Preview Assets.xcassets */ = {isa = PBXFileReference; lastKnownFileType = folder.assetcatalog; path = "Preview Assets.xcassets"; sourceTree = "<group>"; };
		B72BC6C12BB1BEB7005D1D07 /* AppDelegate.swift */ = {isa = PBXFileReference; fileEncoding = 4; lastKnownFileType = sourcecode.swift; path = AppDelegate.swift; sourceTree = "<group>"; };
		B72BC6C22BB1BEB7005D1D07 /* ContentView.swift */ = {isa = PBXFileReference; fileEncoding = 4; lastKnownFileType = sourcecode.swift; path = ContentView.swift; sourceTree = "<group>"; };
		B72BC6C32BB1BEB7005D1D07 /* Init.swift */ = {isa = PBXFileReference; fileEncoding = 4; lastKnownFileType = sourcecode.swift; path = Init.swift; sourceTree = "<group>"; };
		B72BC6C52BB1BEB7005D1D07 /* UCWebView.swift */ = {isa = PBXFileReference; fileEncoding = 4; lastKnownFileType = sourcecode.swift; path = UCWebView.swift; sourceTree = "<group>"; };
		B72BC6CC2BB1BED1005D1D07 /* BannerSettings.swift */ = {isa = PBXFileReference; fileEncoding = 4; lastKnownFileType = sourcecode.swift; path = BannerSettings.swift; sourceTree = "<group>"; };
		B72BC6CD2BB1BED1005D1D07 /* PresentUCWebview.swift */ = {isa = PBXFileReference; fileEncoding = 4; lastKnownFileType = sourcecode.swift; path = PresentUCWebview.swift; sourceTree = "<group>"; };
		B72BC6CE2BB1BED1005D1D07 /* PrintData.swift */ = {isa = PBXFileReference; fileEncoding = 4; lastKnownFileType = sourcecode.swift; path = PrintData.swift; sourceTree = "<group>"; };
		B72BC6CF2BB1BED1005D1D07 /* TopViewController.swift */ = {isa = PBXFileReference; fileEncoding = 4; lastKnownFileType = sourcecode.swift; path = TopViewController.swift; sourceTree = "<group>"; };
		B72BC6D02BB1BED1005D1D07 /* UsercentricsUIViewController.swift */ = {isa = PBXFileReference; fileEncoding = 4; lastKnownFileType = sourcecode.swift; path = UsercentricsUIViewController.swift; sourceTree = "<group>"; };
		B72BC6D12BB1BED1005D1D07 /* WebviewUtils.swift */ = {isa = PBXFileReference; fileEncoding = 4; lastKnownFileType = sourcecode.swift; path = WebviewUtils.swift; sourceTree = "<group>"; };
		B72BC6D92BB1BEE0005D1D07 /* Assets.xcassets */ = {isa = PBXFileReference; lastKnownFileType = folder.assetcatalog; path = Assets.xcassets; sourceTree = "<group>"; };
		B72BC6DB2BB1BF11005D1D07 /* InitData.swift */ = {isa = PBXFileReference; fileEncoding = 4; lastKnownFileType = sourcecode.swift; path = InitData.swift; sourceTree = "<group>"; };
		B72BC6E92BB1C11D005D1D07 /* PrintTCFData.swift */ = {isa = PBXFileReference; fileEncoding = 4; lastKnownFileType = sourcecode.swift; path = PrintTCFData.swift; sourceTree = "<group>"; };
		B72BC6EB2BB1C127005D1D07 /* PrintCCPAData.swift */ = {isa = PBXFileReference; fileEncoding = 4; lastKnownFileType = sourcecode.swift; path = PrintCCPAData.swift; sourceTree = "<group>"; };
		B72BC6ED2BB1C186005D1D07 /* PrintGDPRData.swift */ = {isa = PBXFileReference; fileEncoding = 4; lastKnownFileType = sourcecode.swift; path = PrintGDPRData.swift; sourceTree = "<group>"; };
		EF805E922C46D375001ED198 /* TestAutoiOSTests.xctest */ = {isa = PBXFileReference; explicitFileType = wrapper.cfbundle; includeInIndex = 0; path = TestAutoiOSTests.xctest; sourceTree = BUILT_PRODUCTS_DIR; };
		EF805E942C46D375001ED198 /* TestAutoiOSTests.swift */ = {isa = PBXFileReference; lastKnownFileType = sourcecode.swift; path = TestAutoiOSTests.swift; sourceTree = "<group>"; };
		EF805E9F2C46D389001ED198 /* TestAutoiOSUITests.xctest */ = {isa = PBXFileReference; explicitFileType = wrapper.cfbundle; includeInIndex = 0; path = TestAutoiOSUITests.xctest; sourceTree = BUILT_PRODUCTS_DIR; };
		EF805EA12C46D389001ED198 /* TestAutoiOSUITests.swift */ = {isa = PBXFileReference; lastKnownFileType = sourcecode.swift; path = TestAutoiOSUITests.swift; sourceTree = "<group>"; };
		EF805EA32C46D389001ED198 /* TestAutoiOSUITestsLaunchTests.swift */ = {isa = PBXFileReference; lastKnownFileType = sourcecode.swift; path = TestAutoiOSUITestsLaunchTests.swift; sourceTree = "<group>"; };
		EF805EAA2C46D440001ED198 /* CoreMethods.swift */ = {isa = PBXFileReference; lastKnownFileType = sourcecode.swift; path = CoreMethods.swift; sourceTree = "<group>"; };
/* End PBXFileReference section */

/* Begin PBXFrameworksBuildPhase section */
		B7112D6E2BAC63390048C3DD /* Frameworks */ = {
			isa = PBXFrameworksBuildPhase;
			buildActionMask = 2147483647;
			files = (
				B72BC6E52BB1C0B3005D1D07 /* UsercentricsUI in Frameworks */,
				B72BC6E22BB1C0A4005D1D07 /* SVGKitSwift in Frameworks */,
				B72BC6E02BB1C0A4005D1D07 /* SVGKit in Frameworks */,
			);
			runOnlyForDeploymentPostprocessing = 0;
		};
		EF805E8F2C46D375001ED198 /* Frameworks */ = {
			isa = PBXFrameworksBuildPhase;
			buildActionMask = 2147483647;
			files = (
			);
			runOnlyForDeploymentPostprocessing = 0;
		};
		EF805E9C2C46D389001ED198 /* Frameworks */ = {
			isa = PBXFrameworksBuildPhase;
			buildActionMask = 2147483647;
			files = (
			);
			runOnlyForDeploymentPostprocessing = 0;
		};
/* End PBXFrameworksBuildPhase section */

/* Begin PBXGroup section */
		B7112D682BAC63390048C3DD = {
			isa = PBXGroup;
			children = (
				B7112D732BAC63390048C3DD /* TestAutoiOS */,
				EF805E932C46D375001ED198 /* TestAutoiOSTests */,
				EF805EA02C46D389001ED198 /* TestAutoiOSUITests */,
				B7112D722BAC63390048C3DD /* Products */,
			);
			sourceTree = "<group>";
		};
		B7112D722BAC63390048C3DD /* Products */ = {
			isa = PBXGroup;
			children = (
				B7112D712BAC63390048C3DD /* TestAutoiOS.app */,
				EF805E922C46D375001ED198 /* TestAutoiOSTests.xctest */,
				EF805E9F2C46D389001ED198 /* TestAutoiOSUITests.xctest */,
			);
			name = Products;
			sourceTree = "<group>";
		};
		B7112D732BAC63390048C3DD /* TestAutoiOS */ = {
			isa = PBXGroup;
			children = (
				B72BC6E62BB1C106005D1D07 /* logs */,
				B72BC6D22BB1BED1005D1D07 /* UIViewController */,
				B72BC6DC2BB1BF11005D1D07 /* model */,
				B72BC6C62BB1BEB7005D1D07 /* app */,
				B72BC6D92BB1BEE0005D1D07 /* Assets.xcassets */,
				B7112D7A2BAC633B0048C3DD /* Preview Content */,
			);
			path = TestAutoiOS;
			sourceTree = "<group>";
		};
		B7112D7A2BAC633B0048C3DD /* Preview Content */ = {
			isa = PBXGroup;
			children = (
				B7112D7B2BAC633B0048C3DD /* Preview Assets.xcassets */,
			);
			path = "Preview Content";
			sourceTree = "<group>";
		};
		B72BC6C62BB1BEB7005D1D07 /* app */ = {
			isa = PBXGroup;
			children = (
				B72BC6C12BB1BEB7005D1D07 /* AppDelegate.swift */,
				B72BC6C22BB1BEB7005D1D07 /* ContentView.swift */,
				B72BC6C32BB1BEB7005D1D07 /* Init.swift */,
				B7112D742BAC63390048C3DD /* TestAutoiOSApp.swift */,
				B72BC6C52BB1BEB7005D1D07 /* UCWebView.swift */,
			);
			path = app;
			sourceTree = "<group>";
		};
		B72BC6D22BB1BED1005D1D07 /* UIViewController */ = {
			isa = PBXGroup;
			children = (
				B72BC6CC2BB1BED1005D1D07 /* BannerSettings.swift */,
				B72BC6CD2BB1BED1005D1D07 /* PresentUCWebview.swift */,
				B72BC6CE2BB1BED1005D1D07 /* PrintData.swift */,
				B72BC6CF2BB1BED1005D1D07 /* TopViewController.swift */,
				B72BC6D02BB1BED1005D1D07 /* UsercentricsUIViewController.swift */,
				B72BC6D12BB1BED1005D1D07 /* WebviewUtils.swift */,
				EF805EAA2C46D440001ED198 /* CoreMethods.swift */,
			);
			path = UIViewController;
			sourceTree = "<group>";
		};
		B72BC6DC2BB1BF11005D1D07 /* model */ = {
			isa = PBXGroup;
			children = (
				B72BC6DB2BB1BF11005D1D07 /* InitData.swift */,
			);
			path = model;
			sourceTree = "<group>";
		};
		B72BC6E62BB1C106005D1D07 /* logs */ = {
			isa = PBXGroup;
			children = (
				B72BC6ED2BB1C186005D1D07 /* PrintGDPRData.swift */,
				B72BC6E92BB1C11D005D1D07 /* PrintTCFData.swift */,
				B72BC6EB2BB1C127005D1D07 /* PrintCCPAData.swift */,
			);
			path = logs;
			sourceTree = "<group>";
		};
		EF805E932C46D375001ED198 /* TestAutoiOSTests */ = {
			isa = PBXGroup;
			children = (
				EF805E942C46D375001ED198 /* TestAutoiOSTests.swift */,
			);
			path = TestAutoiOSTests;
			sourceTree = "<group>";
		};
		EF805EA02C46D389001ED198 /* TestAutoiOSUITests */ = {
			isa = PBXGroup;
			children = (
				EF805EA12C46D389001ED198 /* TestAutoiOSUITests.swift */,
				EF805EA32C46D389001ED198 /* TestAutoiOSUITestsLaunchTests.swift */,
			);
			path = TestAutoiOSUITests;
			sourceTree = "<group>";
		};
/* End PBXGroup section */

/* Begin PBXNativeTarget section */
		B7112D702BAC63390048C3DD /* TestAutoiOS */ = {
			isa = PBXNativeTarget;
			buildConfigurationList = B7112D7F2BAC633B0048C3DD /* Build configuration list for PBXNativeTarget "TestAutoiOS" */;
			buildPhases = (
				B7112D6D2BAC63390048C3DD /* Sources */,
				B7112D6E2BAC63390048C3DD /* Frameworks */,
				B7112D6F2BAC63390048C3DD /* Resources */,
			);
			buildRules = (
			);
			dependencies = (
			);
			name = TestAutoiOS;
			packageProductDependencies = (
				B72BC6DF2BB1C0A4005D1D07 /* SVGKit */,
				B72BC6E12BB1C0A4005D1D07 /* SVGKitSwift */,
				B72BC6E42BB1C0B3005D1D07 /* UsercentricsUI */,
			);
			productName = TestAutoiOS;
			productReference = B7112D712BAC63390048C3DD /* TestAutoiOS.app */;
			productType = "com.apple.product-type.application";
		};
		EF805E912C46D375001ED198 /* TestAutoiOSTests */ = {
			isa = PBXNativeTarget;
			buildConfigurationList = EF805E9A2C46D375001ED198 /* Build configuration list for PBXNativeTarget "TestAutoiOSTests" */;
			buildPhases = (
				EF805E8E2C46D375001ED198 /* Sources */,
				EF805E8F2C46D375001ED198 /* Frameworks */,
				EF805E902C46D375001ED198 /* Resources */,
			);
			buildRules = (
			);
			dependencies = (
				EF805E972C46D375001ED198 /* PBXTargetDependency */,
			);
			name = TestAutoiOSTests;
			productName = TestAutoiOSTests;
			productReference = EF805E922C46D375001ED198 /* TestAutoiOSTests.xctest */;
			productType = "com.apple.product-type.bundle.unit-test";
		};
		EF805E9E2C46D389001ED198 /* TestAutoiOSUITests */ = {
			isa = PBXNativeTarget;
			buildConfigurationList = EF805EA72C46D389001ED198 /* Build configuration list for PBXNativeTarget "TestAutoiOSUITests" */;
			buildPhases = (
				EF805E9B2C46D389001ED198 /* Sources */,
				EF805E9C2C46D389001ED198 /* Frameworks */,
				EF805E9D2C46D389001ED198 /* Resources */,
			);
			buildRules = (
			);
			dependencies = (
				EF805EA62C46D389001ED198 /* PBXTargetDependency */,
			);
			name = TestAutoiOSUITests;
			productName = TestAutoiOSUITests;
			productReference = EF805E9F2C46D389001ED198 /* TestAutoiOSUITests.xctest */;
			productType = "com.apple.product-type.bundle.ui-testing";
		};
/* End PBXNativeTarget section */

/* Begin PBXProject section */
		B7112D692BAC63390048C3DD /* Project object */ = {
			isa = PBXProject;
			attributes = {
				BuildIndependentTargetsInParallel = 1;
				LastSwiftUpdateCheck = 1540;
				LastUpgradeCheck = 1530;
				TargetAttributes = {
					B7112D702BAC63390048C3DD = {
						CreatedOnToolsVersion = 15.3;
					};
					EF805E912C46D375001ED198 = {
						CreatedOnToolsVersion = 15.4;
						TestTargetID = B7112D702BAC63390048C3DD;
					};
					EF805E9E2C46D389001ED198 = {
						CreatedOnToolsVersion = 15.4;
						TestTargetID = B7112D702BAC63390048C3DD;
					};
				};
			};
			buildConfigurationList = B7112D6C2BAC63390048C3DD /* Build configuration list for PBXProject "TestAutoiOS" */;
			compatibilityVersion = "Xcode 14.0";
			developmentRegion = en;
			hasScannedForEncodings = 0;
			knownRegions = (
				en,
				Base,
			);
			mainGroup = B7112D682BAC63390048C3DD;
			packageReferences = (
				B72BC6DE2BB1C0A4005D1D07 /* XCRemoteSwiftPackageReference "SVGKit" */,
				B72BC6E32BB1C0B3005D1D07 /* XCRemoteSwiftPackageReference "usercentrics-spm-ui" */,
				EFD0F6962CAD87C300ED2D7A /* XCRemoteSwiftPackageReference "usercentrics-spm-sdk" */,
			);
			productRefGroup = B7112D722BAC63390048C3DD /* Products */;
			projectDirPath = "";
			projectRoot = "";
			targets = (
				B7112D702BAC63390048C3DD /* TestAutoiOS */,
				EF805E912C46D375001ED198 /* TestAutoiOSTests */,
				EF805E9E2C46D389001ED198 /* TestAutoiOSUITests */,
			);
		};
/* End PBXProject section */

/* Begin PBXResourcesBuildPhase section */
		B7112D6F2BAC63390048C3DD /* Resources */ = {
			isa = PBXResourcesBuildPhase;
			buildActionMask = 2147483647;
			files = (
				B7112D7C2BAC633B0048C3DD /* Preview Assets.xcassets in Resources */,
				B72BC6DA2BB1BEE0005D1D07 /* Assets.xcassets in Resources */,
			);
			runOnlyForDeploymentPostprocessing = 0;
		};
		EF805E902C46D375001ED198 /* Resources */ = {
			isa = PBXResourcesBuildPhase;
			buildActionMask = 2147483647;
			files = (
			);
			runOnlyForDeploymentPostprocessing = 0;
		};
		EF805E9D2C46D389001ED198 /* Resources */ = {
			isa = PBXResourcesBuildPhase;
			buildActionMask = 2147483647;
			files = (
			);
			runOnlyForDeploymentPostprocessing = 0;
		};
/* End PBXResourcesBuildPhase section */

/* Begin PBXSourcesBuildPhase section */
		B7112D6D2BAC63390048C3DD /* Sources */ = {
			isa = PBXSourcesBuildPhase;
			buildActionMask = 2147483647;
			files = (
				B72BC6C72BB1BEB7005D1D07 /* AppDelegate.swift in Sources */,
				B72BC6D62BB1BED1005D1D07 /* TopViewController.swift in Sources */,
				B72BC6C82BB1BEB7005D1D07 /* ContentView.swift in Sources */,
				B72BC6D72BB1BED1005D1D07 /* UsercentricsUIViewController.swift in Sources */,
				B72BC6D52BB1BED1005D1D07 /* PrintData.swift in Sources */,
				B72BC6EA2BB1C11D005D1D07 /* PrintTCFData.swift in Sources */,
				B72BC6EE2BB1C186005D1D07 /* PrintGDPRData.swift in Sources */,
				B72BC6C92BB1BEB7005D1D07 /* Init.swift in Sources */,
				B72BC6CB2BB1BEB7005D1D07 /* UCWebView.swift in Sources */,
				EF805EAB2C46D440001ED198 /* CoreMethods.swift in Sources */,
				B72BC6D42BB1BED1005D1D07 /* PresentUCWebview.swift in Sources */,
				B72BC6D82BB1BED1005D1D07 /* WebviewUtils.swift in Sources */,
				B7112D752BAC63390048C3DD /* TestAutoiOSApp.swift in Sources */,
				B72BC6DD2BB1BF11005D1D07 /* InitData.swift in Sources */,
				B72BC6EC2BB1C127005D1D07 /* PrintCCPAData.swift in Sources */,
				B72BC6D32BB1BED1005D1D07 /* BannerSettings.swift in Sources */,
			);
			runOnlyForDeploymentPostprocessing = 0;
		};
		EF805E8E2C46D375001ED198 /* Sources */ = {
			isa = PBXSourcesBuildPhase;
			buildActionMask = 2147483647;
			files = (
				EF805E952C46D375001ED198 /* TestAutoiOSTests.swift in Sources */,
			);
			runOnlyForDeploymentPostprocessing = 0;
		};
		EF805E9B2C46D389001ED198 /* Sources */ = {
			isa = PBXSourcesBuildPhase;
			buildActionMask = 2147483647;
			files = (
				EF805EA22C46D389001ED198 /* TestAutoiOSUITests.swift in Sources */,
				EF805EA42C46D389001ED198 /* TestAutoiOSUITestsLaunchTests.swift in Sources */,
			);
			runOnlyForDeploymentPostprocessing = 0;
		};
/* End PBXSourcesBuildPhase section */

/* Begin PBXTargetDependency section */
		EF805E972C46D375001ED198 /* PBXTargetDependency */ = {
			isa = PBXTargetDependency;
			target = B7112D702BAC63390048C3DD /* TestAutoiOS */;
			targetProxy = EF805E962C46D375001ED198 /* PBXContainerItemProxy */;
		};
		EF805EA62C46D389001ED198 /* PBXTargetDependency */ = {
			isa = PBXTargetDependency;
			target = B7112D702BAC63390048C3DD /* TestAutoiOS */;
			targetProxy = EF805EA52C46D389001ED198 /* PBXContainerItemProxy */;
		};
/* End PBXTargetDependency section */

/* Begin XCBuildConfiguration section */
		B7112D7D2BAC633B0048C3DD /* Debug */ = {
			isa = XCBuildConfiguration;
			buildSettings = {
				ALWAYS_SEARCH_USER_PATHS = NO;
				ASSETCATALOG_COMPILER_GENERATE_SWIFT_ASSET_SYMBOL_EXTENSIONS = YES;
				CLANG_ANALYZER_NONNULL = YES;
				CLANG_ANALYZER_NUMBER_OBJECT_CONVERSION = YES_AGGRESSIVE;
				CLANG_CXX_LANGUAGE_STANDARD = "gnu++20";
				CLANG_ENABLE_MODULES = YES;
				CLANG_ENABLE_OBJC_ARC = YES;
				CLANG_ENABLE_OBJC_WEAK = YES;
				CLANG_WARN_BLOCK_CAPTURE_AUTORELEASING = YES;
				CLANG_WARN_BOOL_CONVERSION = YES;
				CLANG_WARN_COMMA = YES;
				CLANG_WARN_CONSTANT_CONVERSION = YES;
				CLANG_WARN_DEPRECATED_OBJC_IMPLEMENTATIONS = YES;
				CLANG_WARN_DIRECT_OBJC_ISA_USAGE = YES_ERROR;
				CLANG_WARN_DOCUMENTATION_COMMENTS = YES;
				CLANG_WARN_EMPTY_BODY = YES;
				CLANG_WARN_ENUM_CONVERSION = YES;
				CLANG_WARN_INFINITE_RECURSION = YES;
				CLANG_WARN_INT_CONVERSION = YES;
				CLANG_WARN_NON_LITERAL_NULL_CONVERSION = YES;
				CLANG_WARN_OBJC_IMPLICIT_RETAIN_SELF = YES;
				CLANG_WARN_OBJC_LITERAL_CONVERSION = YES;
				CLANG_WARN_OBJC_ROOT_CLASS = YES_ERROR;
				CLANG_WARN_QUOTED_INCLUDE_IN_FRAMEWORK_HEADER = YES;
				CLANG_WARN_RANGE_LOOP_ANALYSIS = YES;
				CLANG_WARN_STRICT_PROTOTYPES = YES;
				CLANG_WARN_SUSPICIOUS_MOVE = YES;
				CLANG_WARN_UNGUARDED_AVAILABILITY = YES_AGGRESSIVE;
				CLANG_WARN_UNREACHABLE_CODE = YES;
				CLANG_WARN__DUPLICATE_METHOD_MATCH = YES;
				COPY_PHASE_STRIP = NO;
				DEBUG_INFORMATION_FORMAT = dwarf;
				ENABLE_STRICT_OBJC_MSGSEND = YES;
				ENABLE_TESTABILITY = YES;
				ENABLE_USER_SCRIPT_SANDBOXING = YES;
				GCC_C_LANGUAGE_STANDARD = gnu17;
				GCC_DYNAMIC_NO_PIC = NO;
				GCC_NO_COMMON_BLOCKS = YES;
				GCC_OPTIMIZATION_LEVEL = 0;
				GCC_PREPROCESSOR_DEFINITIONS = (
					"DEBUG=1",
					"$(inherited)",
				);
				GCC_WARN_64_TO_32_BIT_CONVERSION = YES;
				GCC_WARN_ABOUT_RETURN_TYPE = YES_ERROR;
				GCC_WARN_UNDECLARED_SELECTOR = YES;
				GCC_WARN_UNINITIALIZED_AUTOS = YES_AGGRESSIVE;
				GCC_WARN_UNUSED_FUNCTION = YES;
				GCC_WARN_UNUSED_VARIABLE = YES;
				IPHONEOS_DEPLOYMENT_TARGET = 17.4;
				LOCALIZATION_PREFERS_STRING_CATALOGS = YES;
				MTL_ENABLE_DEBUG_INFO = INCLUDE_SOURCE;
				MTL_FAST_MATH = YES;
				ONLY_ACTIVE_ARCH = YES;
				SDKROOT = iphoneos;
				SWIFT_ACTIVE_COMPILATION_CONDITIONS = "DEBUG $(inherited)";
				SWIFT_OPTIMIZATION_LEVEL = "-Onone";
			};
			name = Debug;
		};
		B7112D7E2BAC633B0048C3DD /* Release */ = {
			isa = XCBuildConfiguration;
			buildSettings = {
				ALWAYS_SEARCH_USER_PATHS = NO;
				ASSETCATALOG_COMPILER_GENERATE_SWIFT_ASSET_SYMBOL_EXTENSIONS = YES;
				CLANG_ANALYZER_NONNULL = YES;
				CLANG_ANALYZER_NUMBER_OBJECT_CONVERSION = YES_AGGRESSIVE;
				CLANG_CXX_LANGUAGE_STANDARD = "gnu++20";
				CLANG_ENABLE_MODULES = YES;
				CLANG_ENABLE_OBJC_ARC = YES;
				CLANG_ENABLE_OBJC_WEAK = YES;
				CLANG_WARN_BLOCK_CAPTURE_AUTORELEASING = YES;
				CLANG_WARN_BOOL_CONVERSION = YES;
				CLANG_WARN_COMMA = YES;
				CLANG_WARN_CONSTANT_CONVERSION = YES;
				CLANG_WARN_DEPRECATED_OBJC_IMPLEMENTATIONS = YES;
				CLANG_WARN_DIRECT_OBJC_ISA_USAGE = YES_ERROR;
				CLANG_WARN_DOCUMENTATION_COMMENTS = YES;
				CLANG_WARN_EMPTY_BODY = YES;
				CLANG_WARN_ENUM_CONVERSION = YES;
				CLANG_WARN_INFINITE_RECURSION = YES;
				CLANG_WARN_INT_CONVERSION = YES;
				CLANG_WARN_NON_LITERAL_NULL_CONVERSION = YES;
				CLANG_WARN_OBJC_IMPLICIT_RETAIN_SELF = YES;
				CLANG_WARN_OBJC_LITERAL_CONVERSION = YES;
				CLANG_WARN_OBJC_ROOT_CLASS = YES_ERROR;
				CLANG_WARN_QUOTED_INCLUDE_IN_FRAMEWORK_HEADER = YES;
				CLANG_WARN_RANGE_LOOP_ANALYSIS = YES;
				CLANG_WARN_STRICT_PROTOTYPES = YES;
				CLANG_WARN_SUSPICIOUS_MOVE = YES;
				CLANG_WARN_UNGUARDED_AVAILABILITY = YES_AGGRESSIVE;
				CLANG_WARN_UNREACHABLE_CODE = YES;
				CLANG_WARN__DUPLICATE_METHOD_MATCH = YES;
				COPY_PHASE_STRIP = NO;
				DEBUG_INFORMATION_FORMAT = "dwarf-with-dsym";
				ENABLE_NS_ASSERTIONS = NO;
				ENABLE_STRICT_OBJC_MSGSEND = YES;
				ENABLE_USER_SCRIPT_SANDBOXING = YES;
				GCC_C_LANGUAGE_STANDARD = gnu17;
				GCC_NO_COMMON_BLOCKS = YES;
				GCC_WARN_64_TO_32_BIT_CONVERSION = YES;
				GCC_WARN_ABOUT_RETURN_TYPE = YES_ERROR;
				GCC_WARN_UNDECLARED_SELECTOR = YES;
				GCC_WARN_UNINITIALIZED_AUTOS = YES_AGGRESSIVE;
				GCC_WARN_UNUSED_FUNCTION = YES;
				GCC_WARN_UNUSED_VARIABLE = YES;
				IPHONEOS_DEPLOYMENT_TARGET = 17.4;
				LOCALIZATION_PREFERS_STRING_CATALOGS = YES;
				MTL_ENABLE_DEBUG_INFO = NO;
				MTL_FAST_MATH = YES;
				SDKROOT = iphoneos;
				SWIFT_COMPILATION_MODE = wholemodule;
				VALIDATE_PRODUCT = YES;
			};
			name = Release;
		};
		B7112D802BAC633B0048C3DD /* Debug */ = {
			isa = XCBuildConfiguration;
			buildSettings = {
				ASSETCATALOG_COMPILER_APPICON_NAME = AppIcon;
				ASSETCATALOG_COMPILER_GLOBAL_ACCENT_COLOR_NAME = AccentColor;
				CODE_SIGN_STYLE = Automatic;
				CURRENT_PROJECT_VERSION = 1;
				DEVELOPMENT_ASSET_PATHS = "\"TestAutoiOS/Preview Content\"";
				DEVELOPMENT_TEAM = 4GB94SV7D4;
				ENABLE_PREVIEWS = YES;
				GENERATE_INFOPLIST_FILE = YES;
				INFOPLIST_KEY_UIApplicationSceneManifest_Generation = YES;
				INFOPLIST_KEY_UIApplicationSupportsIndirectInputEvents = YES;
				INFOPLIST_KEY_UILaunchScreen_Generation = YES;
				INFOPLIST_KEY_UISupportedInterfaceOrientations = "UIInterfaceOrientationLandscapeLeft UIInterfaceOrientationLandscapeRight UIInterfaceOrientationPortrait";
				INFOPLIST_KEY_UISupportedInterfaceOrientations_iPad = "UIInterfaceOrientationLandscapeLeft UIInterfaceOrientationLandscapeRight UIInterfaceOrientationPortrait UIInterfaceOrientationPortraitUpsideDown";
				IPHONEOS_DEPLOYMENT_TARGET = 16.4;
				LD_RUNPATH_SEARCH_PATHS = (
					"$(inherited)",
					"@executable_path/Frameworks",
				);
				MARKETING_VERSION = 1.0;
				PRODUCT_BUNDLE_IDENTIFIER = eu.ruimgreis.TestAutoiOS;
				PRODUCT_NAME = "$(TARGET_NAME)";
				SWIFT_EMIT_LOC_STRINGS = YES;
				SWIFT_VERSION = 5.0;
				TARGETED_DEVICE_FAMILY = "1,2";
			};
			name = Debug;
		};
		B7112D812BAC633B0048C3DD /* Release */ = {
			isa = XCBuildConfiguration;
			buildSettings = {
				ASSETCATALOG_COMPILER_APPICON_NAME = AppIcon;
				ASSETCATALOG_COMPILER_GLOBAL_ACCENT_COLOR_NAME = AccentColor;
				CODE_SIGN_STYLE = Automatic;
				CURRENT_PROJECT_VERSION = 1;
				DEVELOPMENT_ASSET_PATHS = "\"TestAutoiOS/Preview Content\"";
				DEVELOPMENT_TEAM = 4GB94SV7D4;
				ENABLE_PREVIEWS = YES;
				GENERATE_INFOPLIST_FILE = YES;
				INFOPLIST_KEY_UIApplicationSceneManifest_Generation = YES;
				INFOPLIST_KEY_UIApplicationSupportsIndirectInputEvents = YES;
				INFOPLIST_KEY_UILaunchScreen_Generation = YES;
				INFOPLIST_KEY_UISupportedInterfaceOrientations = "UIInterfaceOrientationLandscapeLeft UIInterfaceOrientationLandscapeRight UIInterfaceOrientationPortrait";
				INFOPLIST_KEY_UISupportedInterfaceOrientations_iPad = "UIInterfaceOrientationLandscapeLeft UIInterfaceOrientationLandscapeRight UIInterfaceOrientationPortrait UIInterfaceOrientationPortraitUpsideDown";
				IPHONEOS_DEPLOYMENT_TARGET = 16.4;
				LD_RUNPATH_SEARCH_PATHS = (
					"$(inherited)",
					"@executable_path/Frameworks",
				);
				MARKETING_VERSION = 1.0;
				PRODUCT_BUNDLE_IDENTIFIER = eu.ruimgreis.TestAutoiOS;
				PRODUCT_NAME = "$(TARGET_NAME)";
				SWIFT_EMIT_LOC_STRINGS = YES;
				SWIFT_VERSION = 5.0;
				TARGETED_DEVICE_FAMILY = "1,2";
			};
			name = Release;
		};
		EF805E982C46D375001ED198 /* Debug */ = {
			isa = XCBuildConfiguration;
			buildSettings = {
				BUNDLE_LOADER = "$(TEST_HOST)";
				CODE_SIGN_STYLE = Automatic;
				CURRENT_PROJECT_VERSION = 1;
				DEVELOPMENT_TEAM = D4388L47QZ;
				GENERATE_INFOPLIST_FILE = YES;
				IPHONEOS_DEPLOYMENT_TARGET = 17.5;
				MARKETING_VERSION = 1.0;
				PRODUCT_BUNDLE_IDENTIFIER = eu.ruimgreis.TestAutoiOSTests;
				PRODUCT_NAME = "$(TARGET_NAME)";
				SWIFT_EMIT_LOC_STRINGS = NO;
				SWIFT_VERSION = 5.0;
				TARGETED_DEVICE_FAMILY = "1,2";
				TEST_HOST = "$(BUILT_PRODUCTS_DIR)/TestAutoiOS.app/$(BUNDLE_EXECUTABLE_FOLDER_PATH)/TestAutoiOS";
			};
			name = Debug;
		};
		EF805E992C46D375001ED198 /* Release */ = {
			isa = XCBuildConfiguration;
			buildSettings = {
				BUNDLE_LOADER = "$(TEST_HOST)";
				CODE_SIGN_STYLE = Automatic;
				CURRENT_PROJECT_VERSION = 1;
				DEVELOPMENT_TEAM = D4388L47QZ;
				GENERATE_INFOPLIST_FILE = YES;
				IPHONEOS_DEPLOYMENT_TARGET = 17.5;
				MARKETING_VERSION = 1.0;
				PRODUCT_BUNDLE_IDENTIFIER = eu.ruimgreis.TestAutoiOSTests;
				PRODUCT_NAME = "$(TARGET_NAME)";
				SWIFT_EMIT_LOC_STRINGS = NO;
				SWIFT_VERSION = 5.0;
				TARGETED_DEVICE_FAMILY = "1,2";
				TEST_HOST = "$(BUILT_PRODUCTS_DIR)/TestAutoiOS.app/$(BUNDLE_EXECUTABLE_FOLDER_PATH)/TestAutoiOS";
			};
			name = Release;
		};
		EF805EA82C46D389001ED198 /* Debug */ = {
			isa = XCBuildConfiguration;
			buildSettings = {
				CODE_SIGN_STYLE = Automatic;
				CURRENT_PROJECT_VERSION = 1;
				DEVELOPMENT_TEAM = D4388L47QZ;
				GENERATE_INFOPLIST_FILE = YES;
				IPHONEOS_DEPLOYMENT_TARGET = 17.5;
				MARKETING_VERSION = 1.0;
				PRODUCT_BUNDLE_IDENTIFIER = eu.ruimgreis.TestAutoiOSUITests;
				PRODUCT_NAME = "$(TARGET_NAME)";
				SWIFT_EMIT_LOC_STRINGS = NO;
				SWIFT_VERSION = 5.0;
				TARGETED_DEVICE_FAMILY = "1,2";
				TEST_TARGET_NAME = TestAutoiOS;
			};
			name = Debug;
		};
		EF805EA92C46D389001ED198 /* Release */ = {
			isa = XCBuildConfiguration;
			buildSettings = {
				CODE_SIGN_STYLE = Automatic;
				CURRENT_PROJECT_VERSION = 1;
				DEVELOPMENT_TEAM = D4388L47QZ;
				GENERATE_INFOPLIST_FILE = YES;
				IPHONEOS_DEPLOYMENT_TARGET = 17.5;
				MARKETING_VERSION = 1.0;
				PRODUCT_BUNDLE_IDENTIFIER = eu.ruimgreis.TestAutoiOSUITests;
				PRODUCT_NAME = "$(TARGET_NAME)";
				SWIFT_EMIT_LOC_STRINGS = NO;
				SWIFT_VERSION = 5.0;
				TARGETED_DEVICE_FAMILY = "1,2";
				TEST_TARGET_NAME = TestAutoiOS;
			};
			name = Release;
		};
/* End XCBuildConfiguration section */

/* Begin XCConfigurationList section */
		B7112D6C2BAC63390048C3DD /* Build configuration list for PBXProject "TestAutoiOS" */ = {
			isa = XCConfigurationList;
			buildConfigurations = (
				B7112D7D2BAC633B0048C3DD /* Debug */,
				B7112D7E2BAC633B0048C3DD /* Release */,
			);
			defaultConfigurationIsVisible = 0;
			defaultConfigurationName = Debug;
		};
		B7112D7F2BAC633B0048C3DD /* Build configuration list for PBXNativeTarget "TestAutoiOS" */ = {
			isa = XCConfigurationList;
			buildConfigurations = (
				B7112D802BAC633B0048C3DD /* Debug */,
				B7112D812BAC633B0048C3DD /* Release */,
			);
			defaultConfigurationIsVisible = 0;
			defaultConfigurationName = Debug;
		};
		EF805E9A2C46D375001ED198 /* Build configuration list for PBXNativeTarget "TestAutoiOSTests" */ = {
			isa = XCConfigurationList;
			buildConfigurations = (
				EF805E982C46D375001ED198 /* Debug */,
				EF805E992C46D375001ED198 /* Release */,
			);
			defaultConfigurationIsVisible = 0;
			defaultConfigurationName = Debug;
		};
		EF805EA72C46D389001ED198 /* Build configuration list for PBXNativeTarget "TestAutoiOSUITests" */ = {
			isa = XCConfigurationList;
			buildConfigurations = (
				EF805EA82C46D389001ED198 /* Debug */,
				EF805EA92C46D389001ED198 /* Release */,
			);
			defaultConfigurationIsVisible = 0;
			defaultConfigurationName = Debug;
		};
/* End XCConfigurationList section */

/* Begin XCRemoteSwiftPackageReference section */
		B72BC6DE2BB1C0A4005D1D07 /* XCRemoteSwiftPackageReference "SVGKit" */ = {
			isa = XCRemoteSwiftPackageReference;
			repositoryURL = "https://github.com/SVGKit/SVGKit";
			requirement = {
				kind = upToNextMajorVersion;
				minimumVersion = 3.0.0;
			};
		};
		B72BC6E32BB1C0B3005D1D07 /* XCRemoteSwiftPackageReference "usercentrics-spm-ui" */ = {
			isa = XCRemoteSwiftPackageReference;
			repositoryURL = "https://bitbucket.org/usercentricscode/usercentrics-spm-ui";
			requirement = {
				kind = upToNextMajorVersion;
				minimumVersion = 2.15.0;
			};
		};
		EFD0F6962CAD87C300ED2D7A /* XCRemoteSwiftPackageReference "usercentrics-spm-sdk" */ = {
			isa = XCRemoteSwiftPackageReference;
			repositoryURL = "https://bitbucket.org/usercentricscode/usercentrics-spm-sdk";
			requirement = {
				kind = upToNextMajorVersion;
				minimumVersion = 2.15.0;
			};
		};
/* End XCRemoteSwiftPackageReference section */

/* Begin XCSwiftPackageProductDependency section */
		B72BC6DF2BB1C0A4005D1D07 /* SVGKit */ = {
			isa = XCSwiftPackageProductDependency;
			package = B72BC6DE2BB1C0A4005D1D07 /* XCRemoteSwiftPackageReference "SVGKit" */;
			productName = SVGKit;
		};
		B72BC6E12BB1C0A4005D1D07 /* SVGKitSwift */ = {
			isa = XCSwiftPackageProductDependency;
			package = B72BC6DE2BB1C0A4005D1D07 /* XCRemoteSwiftPackageReference "SVGKit" */;
			productName = SVGKitSwift;
		};
		B72BC6E42BB1C0B3005D1D07 /* UsercentricsUI */ = {
			isa = XCSwiftPackageProductDependency;
			package = B72BC6E32BB1C0B3005D1D07 /* XCRemoteSwiftPackageReference "usercentrics-spm-ui" */;
			productName = UsercentricsUI;
		};
/* End XCSwiftPackageProductDependency section */
	};
	rootObject = B7112D692BAC63390048C3DD /* Project object */;
}
